
Microsoft Visual Studio Solution File, Format Version 12.00
# Visual Studio Version 16
VisualStudioVersion = 16.0.31727.386
MinimumVisualStudioVersion = 10.0.40219.1
Project("{9A19103F-16F7-4668-BE54-9A1E7A4F7556}") = "AtcWeb", "src\AtcWeb\AtcWeb.csproj", "{C782A745-EC52-4B67-831C-03BDD4342072}"
EndProject
Project("{FAE04EC0-301F-11D3-BF4B-00C04F79EFBC}") = "AtcWeb.Tests", "test\AtcWeb.Tests\AtcWeb.Tests.csproj", "{19D8A799-320C-44A0-A312-D00334CF69A4}"
EndProject
Global
	GlobalSection(SolutionConfigurationPlatforms) = preSolution
		Debug|Any CPU = Debug|Any CPU
		Release|Any CPU = Release|Any CPU
	EndGlobalSection
	GlobalSection(ProjectConfigurationPlatforms) = postSolution
		{C782A745-EC52-4B67-831C-03BDD4342072}.Debug|Any CPU.ActiveCfg = Debug|Any CPU
		{C782A745-EC52-4B67-831C-03BDD4342072}.Debug|Any CPU.Build.0 = Debug|Any CPU
		{C782A745-EC52-4B67-831C-03BDD4342072}.Release|Any CPU.ActiveCfg = Release|Any CPU
		{C782A745-EC52-4B67-831C-03BDD4342072}.Release|Any CPU.Build.0 = Release|Any CPU
		{19D8A799-320C-44A0-A312-D00334CF69A4}.Debug|Any CPU.ActiveCfg = Debug|Any CPU
		{19D8A799-320C-44A0-A312-D00334CF69A4}.Debug|Any CPU.Build.0 = Debug|Any CPU
		{19D8A799-320C-44A0-A312-D00334CF69A4}.Release|Any CPU.ActiveCfg = Release|Any CPU
		{19D8A799-320C-44A0-A312-D00334CF69A4}.Release|Any CPU.Build.0 = Release|Any CPU
	EndGlobalSection
	GlobalSection(SolutionProperties) = preSolution
		HideSolutionNode = FALSE
	EndGlobalSection
	GlobalSection(ExtensibilityGlobals) = postSolution
		SolutionGuid = {16BB4AD7-E383-4BA1-8704-286210FB841F}
	EndGlobalSection
EndGlobal
